
Microsoft Visual Studio Solution File, Format Version 12.00
# Visual Studio Version 17
VisualStudioVersion = 17.14.36212.18
MinimumVisualStudioVersion = 10.0.40219.1
Project("{2150E333-8FDC-42A3-9474-1A3956D46DE8}") = "Services", "Services", "{02EA681E-C7D8-13C7-8484-4AC65E1B71E8}"
EndProject
Project("{2150E333-8FDC-42A3-9474-1A3956D46DE8}") = "Product", "Product", "{FD03F51A-816C-4A9F-8CBF-D4176C20D8ED}"
EndProject
Project("{2150E333-8FDC-42A3-9474-1A3956D46DE8}") = "Payment", "Payment", "{505B4EB4-B8D9-4D24-B265-92C1E3751D26}"
EndProject
Project("{2150E333-8FDC-42A3-9474-1A3956D46DE8}") = "Order", "Order", "{7D53AFA2-E7BD-40A7-89C6-7CFCE0A63DEC}"
EndProject
Project("{FAE04EC0-301F-11D3-BF4B-00C04F79EFBC}") = "Order.API", "Servcies\Order\Order.API\Order.API.csproj", "{EEE406FD-84A0-E8BC-8685-63876B14DADB}"
EndProject
Project("{FAE04EC0-301F-11D3-BF4B-00C04F79EFBC}") = "Order.Data", "Servcies\Order\Order.Data\Order.Data.csproj", "{86A43F90-165C-AD32-926A-28EF4976646F}"
EndProject
Project("{FAE04EC0-301F-11D3-BF4B-00C04F79EFBC}") = "Order.DTO", "Servcies\Order\Order.DTO\Order.DTO.csproj", "{261D3815-0CC6-C26E-BB4E-E347CE68113B}"
EndProject
Project("{FAE04EC0-301F-11D3-BF4B-00C04F79EFBC}") = "Payment.API", "Servcies\Payment\Payment.API\Payment.API.csproj", "{FD0D17BA-AF08-E734-368D-9BDF869BBB35}"
EndProject
Project("{FAE04EC0-301F-11D3-BF4B-00C04F79EFBC}") = "Payment.Data", "Servcies\Payment\Payment.Data\Payment.Data.csproj", "{01242F74-5C98-EDCD-CC51-98F6774ED0EE}"
EndProject
Project("{FAE04EC0-301F-11D3-BF4B-00C04F79EFBC}") = "Payment.DTO", "Servcies\Payment\Payment.DTO\Payment.DTO.csproj", "{89C4F02A-5C13-07D9-A35A-87E579858AA4}"
EndProject
Project("{FAE04EC0-301F-11D3-BF4B-00C04F79EFBC}") = "Product.API", "Servcies\Product\Product.API\Product.API.csproj", "{4F465B48-7F53-57D4-3858-F690B71680DE}"
EndProject
Project("{FAE04EC0-301F-11D3-BF4B-00C04F79EFBC}") = "Product.Domain", "Servcies\Product\Product.Domain\Product.Domain.csproj", "{6B4D5268-7C2A-B8ED-F9BA-FF2E8C294DF2}"
EndProject
Project("{FAE04EC0-301F-11D3-BF4B-00C04F79EFBC}") = "Product.DTO", "Servcies\Product\Product.DTO\Product.DTO.csproj", "{E81343CD-9F61-B0BC-48AC-33CC928BEF7A}"
EndProject
Project("{2150E333-8FDC-42A3-9474-1A3956D46DE8}") = "BuildingBlocks", "BuildingBlocks", "{E0A04258-FC57-435F-AC6A-CBCCCDCD6AFA}"
EndProject
Project("{2150E333-8FDC-42A3-9474-1A3956D46DE8}") = "Middleware", "Middleware", "{9E5E2C8F-1DC3-4972-BFD0-76F4CFD41AE2}"
EndProject
Project("{FAE04EC0-301F-11D3-BF4B-00C04F79EFBC}") = "Middleware", "BuildingBlocks\Middleware\Middleware.csproj", "{6C3FAFD4-8345-C0A5-D9CF-7B107BE18673}"
EndProject
Global
	GlobalSection(SolutionConfigurationPlatforms) = preSolution
		Debug|Any CPU = Debug|Any CPU
		Release|Any CPU = Release|Any CPU
	EndGlobalSection
	GlobalSection(ProjectConfigurationPlatforms) = postSolution
		{EEE406FD-84A0-E8BC-8685-63876B14DADB}.Debug|Any CPU.ActiveCfg = Debug|Any CPU
		{EEE406FD-84A0-E8BC-8685-63876B14DADB}.Debug|Any CPU.Build.0 = Debug|Any CPU
		{EEE406FD-84A0-E8BC-8685-63876B14DADB}.Release|Any CPU.ActiveCfg = Release|Any CPU
		{EEE406FD-84A0-E8BC-8685-63876B14DADB}.Release|Any CPU.Build.0 = Release|Any CPU
		{86A43F90-165C-AD32-926A-28EF4976646F}.Debug|Any CPU.ActiveCfg = Debug|Any CPU
		{86A43F90-165C-AD32-926A-28EF4976646F}.Debug|Any CPU.Build.0 = Debug|Any CPU
		{86A43F90-165C-AD32-926A-28EF4976646F}.Release|Any CPU.ActiveCfg = Release|Any CPU
		{86A43F90-165C-AD32-926A-28EF4976646F}.Release|Any CPU.Build.0 = Release|Any CPU
		{261D3815-0CC6-C26E-BB4E-E347CE68113B}.Debug|Any CPU.ActiveCfg = Debug|Any CPU
		{261D3815-0CC6-C26E-BB4E-E347CE68113B}.Debug|Any CPU.Build.0 = Debug|Any CPU
		{261D3815-0CC6-C26E-BB4E-E347CE68113B}.Release|Any CPU.ActiveCfg = Release|Any CPU
		{261D3815-0CC6-C26E-BB4E-E347CE68113B}.Release|Any CPU.Build.0 = Release|Any CPU
		{FD0D17BA-AF08-E734-368D-9BDF869BBB35}.Debug|Any CPU.ActiveCfg = Debug|Any CPU
		{FD0D17BA-AF08-E734-368D-9BDF869BBB35}.Debug|Any CPU.Build.0 = Debug|Any CPU
		{FD0D17BA-AF08-E734-368D-9BDF869BBB35}.Release|Any CPU.ActiveCfg = Release|Any CPU
		{FD0D17BA-AF08-E734-368D-9BDF869BBB35}.Release|Any CPU.Build.0 = Release|Any CPU
		{01242F74-5C98-EDCD-CC51-98F6774ED0EE}.Debug|Any CPU.ActiveCfg = Debug|Any CPU
		{01242F74-5C98-EDCD-CC51-98F6774ED0EE}.Debug|Any CPU.Build.0 = Debug|Any CPU
		{01242F74-5C98-EDCD-CC51-98F6774ED0EE}.Release|Any CPU.ActiveCfg = Release|Any CPU
		{01242F74-5C98-EDCD-CC51-98F6774ED0EE}.Release|Any CPU.Build.0 = Release|Any CPU
		{89C4F02A-5C13-07D9-A35A-87E579858AA4}.Debug|Any CPU.ActiveCfg = Debug|Any CPU
		{89C4F02A-5C13-07D9-A35A-87E579858AA4}.Debug|Any CPU.Build.0 = Debug|Any CPU
		{89C4F02A-5C13-07D9-A35A-87E579858AA4}.Release|Any CPU.ActiveCfg = Release|Any CPU
		{89C4F02A-5C13-07D9-A35A-87E579858AA4}.Release|Any CPU.Build.0 = Release|Any CPU
		{4F465B48-7F53-57D4-3858-F690B71680DE}.Debug|Any CPU.ActiveCfg = Debug|Any CPU
		{4F465B48-7F53-57D4-3858-F690B71680DE}.Debug|Any CPU.Build.0 = Debug|Any CPU
		{4F465B48-7F53-57D4-3858-F690B71680DE}.Release|Any CPU.ActiveCfg = Release|Any CPU
		{4F465B48-7F53-57D4-3858-F690B71680DE}.Release|Any CPU.Build.0 = Release|Any CPU
		{6B4D5268-7C2A-B8ED-F9BA-FF2E8C294DF2}.Debug|Any CPU.ActiveCfg = Debug|Any CPU
		{6B4D5268-7C2A-B8ED-F9BA-FF2E8C294DF2}.Debug|Any CPU.Build.0 = Debug|Any CPU
		{6B4D5268-7C2A-B8ED-F9BA-FF2E8C294DF2}.Release|Any CPU.ActiveCfg = Release|Any CPU
		{6B4D5268-7C2A-B8ED-F9BA-FF2E8C294DF2}.Release|Any CPU.Build.0 = Release|Any CPU
		{E81343CD-9F61-B0BC-48AC-33CC928BEF7A}.Debug|Any CPU.ActiveCfg = Debug|Any CPU
		{E81343CD-9F61-B0BC-48AC-33CC928BEF7A}.Debug|Any CPU.Build.0 = Debug|Any CPU
		{E81343CD-9F61-B0BC-48AC-33CC928BEF7A}.Release|Any CPU.ActiveCfg = Release|Any CPU
		{E81343CD-9F61-B0BC-48AC-33CC928BEF7A}.Release|Any CPU.Build.0 = Release|Any CPU
		{6C3FAFD4-8345-C0A5-D9CF-7B107BE18673}.Debug|Any CPU.ActiveCfg = Debug|Any CPU
		{6C3FAFD4-8345-C0A5-D9CF-7B107BE18673}.Debug|Any CPU.Build.0 = Debug|Any CPU
		{6C3FAFD4-8345-C0A5-D9CF-7B107BE18673}.Release|Any CPU.ActiveCfg = Release|Any CPU
		{6C3FAFD4-8345-C0A5-D9CF-7B107BE18673}.Release|Any CPU.Build.0 = Release|Any CPU
	EndGlobalSection
	GlobalSection(SolutionProperties) = preSolution
		HideSolutionNode = FALSE
	EndGlobalSection
	GlobalSection(NestedProjects) = preSolution
		{FD03F51A-816C-4A9F-8CBF-D4176C20D8ED} = {02EA681E-C7D8-13C7-8484-4AC65E1B71E8}
		{505B4EB4-B8D9-4D24-B265-92C1E3751D26} = {02EA681E-C7D8-13C7-8484-4AC65E1B71E8}
		{7D53AFA2-E7BD-40A7-89C6-7CFCE0A63DEC} = {02EA681E-C7D8-13C7-8484-4AC65E1B71E8}
		{EEE406FD-84A0-E8BC-8685-63876B14DADB} = {7D53AFA2-E7BD-40A7-89C6-7CFCE0A63DEC}
		{86A43F90-165C-AD32-926A-28EF4976646F} = {7D53AFA2-E7BD-40A7-89C6-7CFCE0A63DEC}
		{261D3815-0CC6-C26E-BB4E-E347CE68113B} = {7D53AFA2-E7BD-40A7-89C6-7CFCE0A63DEC}
		{FD0D17BA-AF08-E734-368D-9BDF869BBB35} = {505B4EB4-B8D9-4D24-B265-92C1E3751D26}
		{01242F74-5C98-EDCD-CC51-98F6774ED0EE} = {505B4EB4-B8D9-4D24-B265-92C1E3751D26}
		{89C4F02A-5C13-07D9-A35A-87E579858AA4} = {505B4EB4-B8D9-4D24-B265-92C1E3751D26}
		{4F465B48-7F53-57D4-3858-F690B71680DE} = {FD03F51A-816C-4A9F-8CBF-D4176C20D8ED}
		{6B4D5268-7C2A-B8ED-F9BA-FF2E8C294DF2} = {FD03F51A-816C-4A9F-8CBF-D4176C20D8ED}
		{E81343CD-9F61-B0BC-48AC-33CC928BEF7A} = {FD03F51A-816C-4A9F-8CBF-D4176C20D8ED}
		{9E5E2C8F-1DC3-4972-BFD0-76F4CFD41AE2} = {E0A04258-FC57-435F-AC6A-CBCCCDCD6AFA}
		{6C3FAFD4-8345-C0A5-D9CF-7B107BE18673} = {9E5E2C8F-1DC3-4972-BFD0-76F4CFD41AE2}
	EndGlobalSection
	GlobalSection(ExtensibilityGlobals) = postSolution
		SolutionGuid = {7C338D38-BC7F-4A89-B54F-5C50478E8458}
	EndGlobalSection
EndGlobal
